
Microsoft Visual Studio Solution File, Format Version 12.00
# Visual Studio Version 17
VisualStudioVersion = 17.9.34714.143
MinimumVisualStudioVersion = 10.0.40219.1
Project("{FAE04EC0-301F-11D3-BF4B-00C04F79EFBC}") = "learningcsh", "learningcsh.csproj", "{6B515F2C-08EA-4C7D-88B8-2F8350EE3B23}"
EndProject
Project("{FAE04EC0-301F-11D3-BF4B-00C04F79EFBC}") = "FileLibrary", "..\FileLibrary\FileLibrary.csproj", "{19DA90FA-8D57-4674-9D74-CB5640FB0A4A}"
EndProject
Project("{FAE04EC0-301F-11D3-BF4B-00C04F79EFBC}") = "learningcsh.Tests", "..\learningcsh.Tests\learningcsh.Tests.csproj", "{B1332830-D9F5-423E-99E4-AEA98954B65F}"
EndProject
Global
	GlobalSection(SolutionConfigurationPlatforms) = preSolution
		Debug|Any CPU = Debug|Any CPU
		Release|Any CPU = Release|Any CPU
	EndGlobalSection
	GlobalSection(ProjectConfigurationPlatforms) = postSolution
		{6B515F2C-08EA-4C7D-88B8-2F8350EE3B23}.Debug|Any CPU.ActiveCfg = Debug|Any CPU
		{6B515F2C-08EA-4C7D-88B8-2F8350EE3B23}.Debug|Any CPU.Build.0 = Debug|Any CPU
		{6B515F2C-08EA-4C7D-88B8-2F8350EE3B23}.Release|Any CPU.ActiveCfg = Release|Any CPU
		{6B515F2C-08EA-4C7D-88B8-2F8350EE3B23}.Release|Any CPU.Build.0 = Release|Any CPU
		{19DA90FA-8D57-4674-9D74-CB5640FB0A4A}.Debug|Any CPU.ActiveCfg = Debug|Any CPU
		{19DA90FA-8D57-4674-9D74-CB5640FB0A4A}.Debug|Any CPU.Build.0 = Debug|Any CPU
		{19DA90FA-8D57-4674-9D74-CB5640FB0A4A}.Release|Any CPU.ActiveCfg = Release|Any CPU
		{19DA90FA-8D57-4674-9D74-CB5640FB0A4A}.Release|Any CPU.Build.0 = Release|Any CPU
		{B1332830-D9F5-423E-99E4-AEA98954B65F}.Debug|Any CPU.ActiveCfg = Debug|Any CPU
		{B1332830-D9F5-423E-99E4-AEA98954B65F}.Debug|Any CPU.Build.0 = Debug|Any CPU
		{B1332830-D9F5-423E-99E4-AEA98954B65F}.Release|Any CPU.ActiveCfg = Release|Any CPU
		{B1332830-D9F5-423E-99E4-AEA98954B65F}.Release|Any CPU.Build.0 = Release|Any CPU
	EndGlobalSection
	GlobalSection(SolutionProperties) = preSolution
		HideSolutionNode = FALSE
	EndGlobalSection
	GlobalSection(ExtensibilityGlobals) = postSolution
		SolutionGuid = {9E4F0636-A8E0-43F8-9E24-E953CB51AE70}
	EndGlobalSection
EndGlobal
